
Microsoft Visual Studio Solution File, Format Version 12.00
# Visual Studio 14
VisualStudioVersion = 14.0.25420.1
MinimumVisualStudioVersion = 10.0.40219.1
Project("{FAE04EC0-301F-11D3-BF4B-00C04F79EFBC}") = "PrecedaSessionAnalyser", "PrecedaSessionAnalyser\PrecedaSessionAnalyser.csproj", "{6CB284F0-E1AA-45B7-9789-C315762D72DC}"
EndProject
Project("{FAE04EC0-301F-11D3-BF4B-00C04F79EFBC}") = "PrecedaSessionAnalyser.Model", "PrecedaSessionAnalyser.Model\PrecedaSessionAnalyser.Model.csproj", "{329156E9-7E6E-40EF-BBCD-FC1EAD38E5C8}"
EndProject
Project("{FAE04EC0-301F-11D3-BF4B-00C04F79EFBC}") = "PrecedaSessionAnalyserConfig", "PrecedaSessionAnalyserConfig\PrecedaSessionAnalyserConfig.csproj", "{B23E2B60-B460-4F5A-B7E8-755DAC79B620}"
EndProject
Project("{FAE04EC0-301F-11D3-BF4B-00C04F79EFBC}") = "PrecedaSessionAnalyserImport", "PrecedaSessionAnalyserImport\PrecedaSessionAnalyserImport.csproj", "{0BF78759-0447-4B16-B2F0-95075D5C4DC6}"
EndProject
Global
	GlobalSection(SolutionConfigurationPlatforms) = preSolution
		Debug|Any CPU = Debug|Any CPU
		Release|Any CPU = Release|Any CPU
	EndGlobalSection
	GlobalSection(ProjectConfigurationPlatforms) = postSolution
		{6CB284F0-E1AA-45B7-9789-C315762D72DC}.Debug|Any CPU.ActiveCfg = Debug|Any CPU
		{6CB284F0-E1AA-45B7-9789-C315762D72DC}.Debug|Any CPU.Build.0 = Debug|Any CPU
		{6CB284F0-E1AA-45B7-9789-C315762D72DC}.Release|Any CPU.ActiveCfg = Release|Any CPU
		{6CB284F0-E1AA-45B7-9789-C315762D72DC}.Release|Any CPU.Build.0 = Release|Any CPU
		{329156E9-7E6E-40EF-BBCD-FC1EAD38E5C8}.Debug|Any CPU.ActiveCfg = Debug|Any CPU
		{329156E9-7E6E-40EF-BBCD-FC1EAD38E5C8}.Debug|Any CPU.Build.0 = Debug|Any CPU
		{329156E9-7E6E-40EF-BBCD-FC1EAD38E5C8}.Release|Any CPU.ActiveCfg = Release|Any CPU
		{329156E9-7E6E-40EF-BBCD-FC1EAD38E5C8}.Release|Any CPU.Build.0 = Release|Any CPU
		{B23E2B60-B460-4F5A-B7E8-755DAC79B620}.Debug|Any CPU.ActiveCfg = Debug|Any CPU
		{B23E2B60-B460-4F5A-B7E8-755DAC79B620}.Debug|Any CPU.Build.0 = Debug|Any CPU
		{B23E2B60-B460-4F5A-B7E8-755DAC79B620}.Release|Any CPU.ActiveCfg = Release|Any CPU
		{B23E2B60-B460-4F5A-B7E8-755DAC79B620}.Release|Any CPU.Build.0 = Release|Any CPU
		{0BF78759-0447-4B16-B2F0-95075D5C4DC6}.Debug|Any CPU.ActiveCfg = Debug|Any CPU
		{0BF78759-0447-4B16-B2F0-95075D5C4DC6}.Debug|Any CPU.Build.0 = Debug|Any CPU
		{0BF78759-0447-4B16-B2F0-95075D5C4DC6}.Release|Any CPU.ActiveCfg = Release|Any CPU
		{0BF78759-0447-4B16-B2F0-95075D5C4DC6}.Release|Any CPU.Build.0 = Release|Any CPU
	EndGlobalSection
	GlobalSection(SolutionProperties) = preSolution
		HideSolutionNode = FALSE
	EndGlobalSection
EndGlobal
